
Microsoft Visual Studio Solution File, Format Version 12.00
# Visual Studio Version 16
VisualStudioVersion = 16.0.31729.503
MinimumVisualStudioVersion = 10.0.40219.1
Project("{FAE04EC0-301F-11D3-BF4B-00C04F79EFBC}") = "Bakiye_Kontrol", "Bakiye_Kontrol\Bakiye_Kontrol.csproj", "{4918D7C7-FCC8-440E-AF44-2CE7D5E9971F}"
EndProject
Global
	GlobalSection(SolutionConfigurationPlatforms) = preSolution
		Debug|Any CPU = Debug|Any CPU
		Release|Any CPU = Release|Any CPU
	EndGlobalSection
	GlobalSection(ProjectConfigurationPlatforms) = postSolution
		{4918D7C7-FCC8-440E-AF44-2CE7D5E9971F}.Debug|Any CPU.ActiveCfg = Debug|Any CPU
		{4918D7C7-FCC8-440E-AF44-2CE7D5E9971F}.Debug|Any CPU.Build.0 = Debug|Any CPU
		{4918D7C7-FCC8-440E-AF44-2CE7D5E9971F}.Release|Any CPU.ActiveCfg = Release|Any CPU
		{4918D7C7-FCC8-440E-AF44-2CE7D5E9971F}.Release|Any CPU.Build.0 = Release|Any CPU
	EndGlobalSection
	GlobalSection(SolutionProperties) = preSolution
		HideSolutionNode = FALSE
	EndGlobalSection
	GlobalSection(ExtensibilityGlobals) = postSolution
		SolutionGuid = {54A92DB8-0219-49C0-9BDC-C36B3DB3DD5C}
	EndGlobalSection
EndGlobal
